
Microsoft Visual Studio Solution File, Format Version 12.00
# Visual Studio Version 17
VisualStudioVersion = 17.2.32630.192
MinimumVisualStudioVersion = 10.0.40219.1
Project("{9A19103F-16F7-4668-BE54-9A1E7A4F7556}") = "SerialsOnlineCenter", "SerialsOnlineCenter\SerialsOnlineCenter.csproj", "{45133FA9-5A1E-4E9D-B191-7A68943E15CA}"
EndProject
Project("{9A19103F-16F7-4668-BE54-9A1E7A4F7556}") = "SerialsOnlineCenter.DAL", "SerialsOnlineCenter.DAL\SerialsOnlineCenter.DAL.csproj", "{D505B8F9-CEEE-42FB-B503-C9E9B6B50F00}"
EndProject
Project("{FAE04EC0-301F-11D3-BF4B-00C04F79EFBC}") = "SerialsOnlineService.BLL", "SerialsOnlineService.BLL\SerialsOnlineService.BLL.csproj", "{250DDCD4-D574-491D-B65E-8478EC9C43F0}"
EndProject
Global
	GlobalSection(SolutionConfigurationPlatforms) = preSolution
		Debug|Any CPU = Debug|Any CPU
		Release|Any CPU = Release|Any CPU
	EndGlobalSection
	GlobalSection(ProjectConfigurationPlatforms) = postSolution
		{45133FA9-5A1E-4E9D-B191-7A68943E15CA}.Debug|Any CPU.ActiveCfg = Debug|Any CPU
		{45133FA9-5A1E-4E9D-B191-7A68943E15CA}.Debug|Any CPU.Build.0 = Debug|Any CPU
		{45133FA9-5A1E-4E9D-B191-7A68943E15CA}.Release|Any CPU.ActiveCfg = Release|Any CPU
		{45133FA9-5A1E-4E9D-B191-7A68943E15CA}.Release|Any CPU.Build.0 = Release|Any CPU
		{D505B8F9-CEEE-42FB-B503-C9E9B6B50F00}.Debug|Any CPU.ActiveCfg = Debug|Any CPU
		{D505B8F9-CEEE-42FB-B503-C9E9B6B50F00}.Debug|Any CPU.Build.0 = Debug|Any CPU
		{D505B8F9-CEEE-42FB-B503-C9E9B6B50F00}.Release|Any CPU.ActiveCfg = Release|Any CPU
		{D505B8F9-CEEE-42FB-B503-C9E9B6B50F00}.Release|Any CPU.Build.0 = Release|Any CPU
		{250DDCD4-D574-491D-B65E-8478EC9C43F0}.Debug|Any CPU.ActiveCfg = Debug|Any CPU
		{250DDCD4-D574-491D-B65E-8478EC9C43F0}.Debug|Any CPU.Build.0 = Debug|Any CPU
		{250DDCD4-D574-491D-B65E-8478EC9C43F0}.Release|Any CPU.ActiveCfg = Release|Any CPU
		{250DDCD4-D574-491D-B65E-8478EC9C43F0}.Release|Any CPU.Build.0 = Release|Any CPU
	EndGlobalSection
	GlobalSection(SolutionProperties) = preSolution
		HideSolutionNode = FALSE
	EndGlobalSection
	GlobalSection(ExtensibilityGlobals) = postSolution
		SolutionGuid = {4022E503-1E25-4251-A864-13A344E69C96}
	EndGlobalSection
EndGlobal
